
Microsoft Visual Studio Solution File, Format Version 12.00
# Visual Studio Version 17
VisualStudioVersion = 17.7.34031.279
MinimumVisualStudioVersion = 10.0.40219.1
Project("{FAE04EC0-301F-11D3-BF4B-00C04F79EFBC}") = "WEBAPI", "WEBAPI.csproj", "{D9D3B04D-B1E5-4942-BE59-8981DD8CCCAF}"
EndProject
Global
	GlobalSection(SolutionConfigurationPlatforms) = preSolution
		Debug|Any CPU = Debug|Any CPU
		Release|Any CPU = Release|Any CPU
	EndGlobalSection
	GlobalSection(ProjectConfigurationPlatforms) = postSolution
		{D9D3B04D-B1E5-4942-BE59-8981DD8CCCAF}.Debug|Any CPU.ActiveCfg = Debug|Any CPU
		{D9D3B04D-B1E5-4942-BE59-8981DD8CCCAF}.Debug|Any CPU.Build.0 = Debug|Any CPU
		{D9D3B04D-B1E5-4942-BE59-8981DD8CCCAF}.Release|Any CPU.ActiveCfg = Release|Any CPU
		{D9D3B04D-B1E5-4942-BE59-8981DD8CCCAF}.Release|Any CPU.Build.0 = Release|Any CPU
	EndGlobalSection
	GlobalSection(SolutionProperties) = preSolution
		HideSolutionNode = FALSE
	EndGlobalSection
	GlobalSection(ExtensibilityGlobals) = postSolution
		SolutionGuid = {F82FFA4D-0ED8-40BE-8648-B52D0A847936}
	EndGlobalSection
EndGlobal
